
Microsoft Visual Studio Solution File, Format Version 12.00
Project("{2150E333-8FDC-42A3-9474-1A3956D46DE8}") = "src", "src", "{17424F91-6622-4054-A088-D8378E742AFA}"
EndProject
Project("{2150E333-8FDC-42A3-9474-1A3956D46DE8}") = "tests", "tests", "{6024EEA8-A45A-47B9-B808-3EDD1C336C8C}"
EndProject
Project("{FAE04EC0-301F-11D3-BF4B-00C04F79EFBC}") = "CartMicroservice", "CartMicroservice\CartMicroservice.csproj", "{54AB49B0-200F-4832-A464-57B5653F6169}"
EndProject
Project("{2150E333-8FDC-42A3-9474-1A3956D46DE8}") = "global", "global", "{FBFFCC17-C0AD-439F-A05D-0256CD70A8FD}"
	ProjectSection(SolutionItems) = preProject
		.gitignore = .gitignore
	EndProjectSection
EndProject
Project("{2150E333-8FDC-42A3-9474-1A3956D46DE8}") = "microservices", "microservices", "{DAAB5B10-250D-4106-B373-057A06324F09}"
EndProject
Project("{2150E333-8FDC-42A3-9474-1A3956D46DE8}") = "middlewares", "middlewares", "{22809528-A94F-49E3-9533-C5182A8C8BA6}"
EndProject
Project("{FAE04EC0-301F-11D3-BF4B-00C04F79EFBC}") = "Middleware", "Middleware\Middleware.csproj", "{22BBC0E5-8EFA-4275-BC52-C2DD8E7E1E1A}"
EndProject
Global
	GlobalSection(SolutionConfigurationPlatforms) = preSolution
		Debug|Any CPU = Debug|Any CPU
		Release|Any CPU = Release|Any CPU
	EndGlobalSection
	GlobalSection(ProjectConfigurationPlatforms) = postSolution
		{54AB49B0-200F-4832-A464-57B5653F6169}.Debug|Any CPU.ActiveCfg = Debug|Any CPU
		{54AB49B0-200F-4832-A464-57B5653F6169}.Debug|Any CPU.Build.0 = Debug|Any CPU
		{54AB49B0-200F-4832-A464-57B5653F6169}.Release|Any CPU.ActiveCfg = Release|Any CPU
		{54AB49B0-200F-4832-A464-57B5653F6169}.Release|Any CPU.Build.0 = Release|Any CPU
		{22BBC0E5-8EFA-4275-BC52-C2DD8E7E1E1A}.Debug|Any CPU.ActiveCfg = Debug|Any CPU
		{22BBC0E5-8EFA-4275-BC52-C2DD8E7E1E1A}.Debug|Any CPU.Build.0 = Debug|Any CPU
		{22BBC0E5-8EFA-4275-BC52-C2DD8E7E1E1A}.Release|Any CPU.ActiveCfg = Release|Any CPU
		{22BBC0E5-8EFA-4275-BC52-C2DD8E7E1E1A}.Release|Any CPU.Build.0 = Release|Any CPU
	EndGlobalSection
	GlobalSection(NestedProjects) = preSolution
		{DAAB5B10-250D-4106-B373-057A06324F09} = {17424F91-6622-4054-A088-D8378E742AFA}
		{54AB49B0-200F-4832-A464-57B5653F6169} = {DAAB5B10-250D-4106-B373-057A06324F09}
		{22809528-A94F-49E3-9533-C5182A8C8BA6} = {DAAB5B10-250D-4106-B373-057A06324F09}
		{22BBC0E5-8EFA-4275-BC52-C2DD8E7E1E1A} = {22809528-A94F-49E3-9533-C5182A8C8BA6}
	EndGlobalSection
EndGlobal
